
Microsoft Visual Studio Solution File, Format Version 12.00
# Visual Studio Version 17
VisualStudioVersion = 17.8.34322.80
MinimumVisualStudioVersion = 10.0.40219.1
Project("{8BC9CEB8-8B4A-11D0-8D11-00A0C91BC942}") = "Lab4_Stjepa", "Lab4_Stjepa.vcxproj", "{0BDA0846-A9B0-4EBB-A326-17F03EA47528}"
EndProject
Global
	GlobalSection(SolutionConfigurationPlatforms) = preSolution
		Debug|x64 = Debug|x64
		Debug|x86 = Debug|x86
		Release|x64 = Release|x64
		Release|x86 = Release|x86
	EndGlobalSection
	GlobalSection(ProjectConfigurationPlatforms) = postSolution
		{0BDA0846-A9B0-4EBB-A326-17F03EA47528}.Debug|x64.ActiveCfg = Debug|x64
		{0BDA0846-A9B0-4EBB-A326-17F03EA47528}.Debug|x64.Build.0 = Debug|x64
		{0BDA0846-A9B0-4EBB-A326-17F03EA47528}.Debug|x86.ActiveCfg = Debug|Win32
		{0BDA0846-A9B0-4EBB-A326-17F03EA47528}.Debug|x86.Build.0 = Debug|Win32
		{0BDA0846-A9B0-4EBB-A326-17F03EA47528}.Release|x64.ActiveCfg = Release|x64
		{0BDA0846-A9B0-4EBB-A326-17F03EA47528}.Release|x64.Build.0 = Release|x64
		{0BDA0846-A9B0-4EBB-A326-17F03EA47528}.Release|x86.ActiveCfg = Release|Win32
		{0BDA0846-A9B0-4EBB-A326-17F03EA47528}.Release|x86.Build.0 = Release|Win32
	EndGlobalSection
	GlobalSection(SolutionProperties) = preSolution
		HideSolutionNode = FALSE
	EndGlobalSection
	GlobalSection(ExtensibilityGlobals) = postSolution
		SolutionGuid = {C10AA6BD-70CC-4AA3-9A4A-7BACB04E4B1C}
	EndGlobalSection
EndGlobal
